
Microsoft Visual Studio Solution File, Format Version 12.00
# Visual Studio Version 17
VisualStudioVersion = 17.0.31903.59
MinimumVisualStudioVersion = 10.0.40219.1
Project("{2150E333-8FDC-42A3-9474-1A3956D46DE8}") = "src", "src", "{827E0CD3-B72D-47B6-A68D-7590B98EB39B}"
EndProject
Project("{FAE04EC0-301F-11D3-BF4B-00C04F79EFBC}") = "Application", "src\Application\Application.csproj", "{127DB202-2B52-4CBD-95F1-D6E554D0C642}"
EndProject
Project("{FAE04EC0-301F-11D3-BF4B-00C04F79EFBC}") = "Domain", "src\Domain\Domain.csproj", "{72F1EC77-95D3-4D7E-BE18-84107587AC6D}"
EndProject
Project("{FAE04EC0-301F-11D3-BF4B-00C04F79EFBC}") = "Infrastructure", "src\Infrastructure\Infrastructure.csproj", "{5CE07BF9-F54E-4BAD-B7AD-7E58D50A7E28}"
EndProject
Project("{FAE04EC0-301F-11D3-BF4B-00C04F79EFBC}") = "ProductApi", "src\ProductApi\ProductApi.csproj", "{84050B4A-C460-4A6F-9744-95E4D5BC3BE6}"
EndProject
Project("{FAE04EC0-301F-11D3-BF4B-00C04F79EFBC}") = "QuotationApi", "src\QuotationApi\QuotationApi.csproj", "{7CDCD56D-2A42-4196-B005-39242C48FEEA}"
EndProject
Project("{FAE04EC0-301F-11D3-BF4B-00C04F79EFBC}") = "WebApp", "src\WebApp\WebApp.csproj", "{24D4294D-25CA-44C6-9706-1F16FE887C23}"
EndProject
Global
	GlobalSection(SolutionConfigurationPlatforms) = preSolution
		Debug|Any CPU = Debug|Any CPU
		Debug|x64 = Debug|x64
		Debug|x86 = Debug|x86
		Release|Any CPU = Release|Any CPU
		Release|x64 = Release|x64
		Release|x86 = Release|x86
	EndGlobalSection
	GlobalSection(ProjectConfigurationPlatforms) = postSolution
		{127DB202-2B52-4CBD-95F1-D6E554D0C642}.Debug|Any CPU.ActiveCfg = Debug|Any CPU
		{127DB202-2B52-4CBD-95F1-D6E554D0C642}.Debug|Any CPU.Build.0 = Debug|Any CPU
		{127DB202-2B52-4CBD-95F1-D6E554D0C642}.Debug|x64.ActiveCfg = Debug|Any CPU
		{127DB202-2B52-4CBD-95F1-D6E554D0C642}.Debug|x64.Build.0 = Debug|Any CPU
		{127DB202-2B52-4CBD-95F1-D6E554D0C642}.Debug|x86.ActiveCfg = Debug|Any CPU
		{127DB202-2B52-4CBD-95F1-D6E554D0C642}.Debug|x86.Build.0 = Debug|Any CPU
		{127DB202-2B52-4CBD-95F1-D6E554D0C642}.Release|Any CPU.ActiveCfg = Release|Any CPU
		{127DB202-2B52-4CBD-95F1-D6E554D0C642}.Release|Any CPU.Build.0 = Release|Any CPU
		{127DB202-2B52-4CBD-95F1-D6E554D0C642}.Release|x64.ActiveCfg = Release|Any CPU
		{127DB202-2B52-4CBD-95F1-D6E554D0C642}.Release|x64.Build.0 = Release|Any CPU
		{127DB202-2B52-4CBD-95F1-D6E554D0C642}.Release|x86.ActiveCfg = Release|Any CPU
		{127DB202-2B52-4CBD-95F1-D6E554D0C642}.Release|x86.Build.0 = Release|Any CPU
		{72F1EC77-95D3-4D7E-BE18-84107587AC6D}.Debug|Any CPU.ActiveCfg = Debug|Any CPU
		{72F1EC77-95D3-4D7E-BE18-84107587AC6D}.Debug|Any CPU.Build.0 = Debug|Any CPU
		{72F1EC77-95D3-4D7E-BE18-84107587AC6D}.Debug|x64.ActiveCfg = Debug|Any CPU
		{72F1EC77-95D3-4D7E-BE18-84107587AC6D}.Debug|x64.Build.0 = Debug|Any CPU
		{72F1EC77-95D3-4D7E-BE18-84107587AC6D}.Debug|x86.ActiveCfg = Debug|Any CPU
		{72F1EC77-95D3-4D7E-BE18-84107587AC6D}.Debug|x86.Build.0 = Debug|Any CPU
		{72F1EC77-95D3-4D7E-BE18-84107587AC6D}.Release|Any CPU.ActiveCfg = Release|Any CPU
		{72F1EC77-95D3-4D7E-BE18-84107587AC6D}.Release|Any CPU.Build.0 = Release|Any CPU
		{72F1EC77-95D3-4D7E-BE18-84107587AC6D}.Release|x64.ActiveCfg = Release|Any CPU
		{72F1EC77-95D3-4D7E-BE18-84107587AC6D}.Release|x64.Build.0 = Release|Any CPU
		{72F1EC77-95D3-4D7E-BE18-84107587AC6D}.Release|x86.ActiveCfg = Release|Any CPU
		{72F1EC77-95D3-4D7E-BE18-84107587AC6D}.Release|x86.Build.0 = Release|Any CPU
		{5CE07BF9-F54E-4BAD-B7AD-7E58D50A7E28}.Debug|Any CPU.ActiveCfg = Debug|Any CPU
		{5CE07BF9-F54E-4BAD-B7AD-7E58D50A7E28}.Debug|Any CPU.Build.0 = Debug|Any CPU
		{5CE07BF9-F54E-4BAD-B7AD-7E58D50A7E28}.Debug|x64.ActiveCfg = Debug|Any CPU
		{5CE07BF9-F54E-4BAD-B7AD-7E58D50A7E28}.Debug|x64.Build.0 = Debug|Any CPU
		{5CE07BF9-F54E-4BAD-B7AD-7E58D50A7E28}.Debug|x86.ActiveCfg = Debug|Any CPU
		{5CE07BF9-F54E-4BAD-B7AD-7E58D50A7E28}.Debug|x86.Build.0 = Debug|Any CPU
		{5CE07BF9-F54E-4BAD-B7AD-7E58D50A7E28}.Release|Any CPU.ActiveCfg = Release|Any CPU
		{5CE07BF9-F54E-4BAD-B7AD-7E58D50A7E28}.Release|Any CPU.Build.0 = Release|Any CPU
		{5CE07BF9-F54E-4BAD-B7AD-7E58D50A7E28}.Release|x64.ActiveCfg = Release|Any CPU
		{5CE07BF9-F54E-4BAD-B7AD-7E58D50A7E28}.Release|x64.Build.0 = Release|Any CPU
		{5CE07BF9-F54E-4BAD-B7AD-7E58D50A7E28}.Release|x86.ActiveCfg = Release|Any CPU
		{5CE07BF9-F54E-4BAD-B7AD-7E58D50A7E28}.Release|x86.Build.0 = Release|Any CPU
		{84050B4A-C460-4A6F-9744-95E4D5BC3BE6}.Debug|Any CPU.ActiveCfg = Debug|Any CPU
		{84050B4A-C460-4A6F-9744-95E4D5BC3BE6}.Debug|Any CPU.Build.0 = Debug|Any CPU
		{84050B4A-C460-4A6F-9744-95E4D5BC3BE6}.Debug|x64.ActiveCfg = Debug|Any CPU
		{84050B4A-C460-4A6F-9744-95E4D5BC3BE6}.Debug|x64.Build.0 = Debug|Any CPU
		{84050B4A-C460-4A6F-9744-95E4D5BC3BE6}.Debug|x86.ActiveCfg = Debug|Any CPU
		{84050B4A-C460-4A6F-9744-95E4D5BC3BE6}.Debug|x86.Build.0 = Debug|Any CPU
		{84050B4A-C460-4A6F-9744-95E4D5BC3BE6}.Release|Any CPU.ActiveCfg = Release|Any CPU
		{84050B4A-C460-4A6F-9744-95E4D5BC3BE6}.Release|Any CPU.Build.0 = Release|Any CPU
		{84050B4A-C460-4A6F-9744-95E4D5BC3BE6}.Release|x64.ActiveCfg = Release|Any CPU
		{84050B4A-C460-4A6F-9744-95E4D5BC3BE6}.Release|x64.Build.0 = Release|Any CPU
		{84050B4A-C460-4A6F-9744-95E4D5BC3BE6}.Release|x86.ActiveCfg = Release|Any CPU
		{84050B4A-C460-4A6F-9744-95E4D5BC3BE6}.Release|x86.Build.0 = Release|Any CPU
		{7CDCD56D-2A42-4196-B005-39242C48FEEA}.Debug|Any CPU.ActiveCfg = Debug|Any CPU
		{7CDCD56D-2A42-4196-B005-39242C48FEEA}.Debug|Any CPU.Build.0 = Debug|Any CPU
		{7CDCD56D-2A42-4196-B005-39242C48FEEA}.Debug|x64.ActiveCfg = Debug|Any CPU
		{7CDCD56D-2A42-4196-B005-39242C48FEEA}.Debug|x64.Build.0 = Debug|Any CPU
		{7CDCD56D-2A42-4196-B005-39242C48FEEA}.Debug|x86.ActiveCfg = Debug|Any CPU
		{7CDCD56D-2A42-4196-B005-39242C48FEEA}.Debug|x86.Build.0 = Debug|Any CPU
		{7CDCD56D-2A42-4196-B005-39242C48FEEA}.Release|Any CPU.ActiveCfg = Release|Any CPU
		{7CDCD56D-2A42-4196-B005-39242C48FEEA}.Release|Any CPU.Build.0 = Release|Any CPU
		{7CDCD56D-2A42-4196-B005-39242C48FEEA}.Release|x64.ActiveCfg = Release|Any CPU
		{7CDCD56D-2A42-4196-B005-39242C48FEEA}.Release|x64.Build.0 = Release|Any CPU
		{7CDCD56D-2A42-4196-B005-39242C48FEEA}.Release|x86.ActiveCfg = Release|Any CPU
		{7CDCD56D-2A42-4196-B005-39242C48FEEA}.Release|x86.Build.0 = Release|Any CPU
		{24D4294D-25CA-44C6-9706-1F16FE887C23}.Debug|Any CPU.ActiveCfg = Debug|Any CPU
		{24D4294D-25CA-44C6-9706-1F16FE887C23}.Debug|Any CPU.Build.0 = Debug|Any CPU
		{24D4294D-25CA-44C6-9706-1F16FE887C23}.Debug|x64.ActiveCfg = Debug|Any CPU
		{24D4294D-25CA-44C6-9706-1F16FE887C23}.Debug|x64.Build.0 = Debug|Any CPU
		{24D4294D-25CA-44C6-9706-1F16FE887C23}.Debug|x86.ActiveCfg = Debug|Any CPU
		{24D4294D-25CA-44C6-9706-1F16FE887C23}.Debug|x86.Build.0 = Debug|Any CPU
		{24D4294D-25CA-44C6-9706-1F16FE887C23}.Release|Any CPU.ActiveCfg = Release|Any CPU
		{24D4294D-25CA-44C6-9706-1F16FE887C23}.Release|Any CPU.Build.0 = Release|Any CPU
		{24D4294D-25CA-44C6-9706-1F16FE887C23}.Release|x64.ActiveCfg = Release|Any CPU
		{24D4294D-25CA-44C6-9706-1F16FE887C23}.Release|x64.Build.0 = Release|Any CPU
		{24D4294D-25CA-44C6-9706-1F16FE887C23}.Release|x86.ActiveCfg = Release|Any CPU
		{24D4294D-25CA-44C6-9706-1F16FE887C23}.Release|x86.Build.0 = Release|Any CPU
	EndGlobalSection
	GlobalSection(SolutionProperties) = preSolution
		HideSolutionNode = FALSE
	EndGlobalSection
	GlobalSection(NestedProjects) = preSolution
		{127DB202-2B52-4CBD-95F1-D6E554D0C642} = {827E0CD3-B72D-47B6-A68D-7590B98EB39B}
		{72F1EC77-95D3-4D7E-BE18-84107587AC6D} = {827E0CD3-B72D-47B6-A68D-7590B98EB39B}
		{5CE07BF9-F54E-4BAD-B7AD-7E58D50A7E28} = {827E0CD3-B72D-47B6-A68D-7590B98EB39B}
		{84050B4A-C460-4A6F-9744-95E4D5BC3BE6} = {827E0CD3-B72D-47B6-A68D-7590B98EB39B}
		{7CDCD56D-2A42-4196-B005-39242C48FEEA} = {827E0CD3-B72D-47B6-A68D-7590B98EB39B}
		{24D4294D-25CA-44C6-9706-1F16FE887C23} = {827E0CD3-B72D-47B6-A68D-7590B98EB39B}
	EndGlobalSection
EndGlobal
